
Microsoft Visual Studio Solution File, Format Version 12.00
# Visual Studio 15
VisualStudioVersion = 15.0.28307.168
MinimumVisualStudioVersion = 10.0.40219.1
Project("{FAE04EC0-301F-11D3-BF4B-00C04F79EFBC}") = "project20191004", "project20191004\project20191004.csproj", "{7624032D-55C2-4AAB-B53B-523D61DC18EF}"
EndProject
Global
	GlobalSection(SolutionConfigurationPlatforms) = preSolution
		Debug|Any CPU = Debug|Any CPU
		Release|Any CPU = Release|Any CPU
	EndGlobalSection
	GlobalSection(ProjectConfigurationPlatforms) = postSolution
		{7624032D-55C2-4AAB-B53B-523D61DC18EF}.Debug|Any CPU.ActiveCfg = Debug|Any CPU
		{7624032D-55C2-4AAB-B53B-523D61DC18EF}.Debug|Any CPU.Build.0 = Debug|Any CPU
		{7624032D-55C2-4AAB-B53B-523D61DC18EF}.Release|Any CPU.ActiveCfg = Release|Any CPU
		{7624032D-55C2-4AAB-B53B-523D61DC18EF}.Release|Any CPU.Build.0 = Release|Any CPU
	EndGlobalSection
	GlobalSection(SolutionProperties) = preSolution
		HideSolutionNode = FALSE
	EndGlobalSection
	GlobalSection(ExtensibilityGlobals) = postSolution
		SolutionGuid = {6C5CDB0E-D30D-4263-8C13-A132D11C070D}
	EndGlobalSection
EndGlobal
